
Microsoft Visual Studio Solution File, Format Version 12.00
# Visual Studio Version 17
VisualStudioVersion = 17.9.34622.214
MinimumVisualStudioVersion = 10.0.40219.1
Project("{FAE04EC0-301F-11D3-BF4B-00C04F79EFBC}") = "BlazorRDLCReport.Server", "BlazorRDLCReport\Server\BlazorRDLCReport.Server.csproj", "{00EB978F-BB18-419E-8A83-4D59F7E11F86}"
EndProject
Project("{FAE04EC0-301F-11D3-BF4B-00C04F79EFBC}") = "BlazorRDLCReport.Client", "BlazorRDLCReport\Client\BlazorRDLCReport.Client.csproj", "{FE3D14D9-9219-4EE9-B3B6-C33F63FC0A04}"
EndProject
Project("{FAE04EC0-301F-11D3-BF4B-00C04F79EFBC}") = "BlazorRDLCReport.Shared", "BlazorRDLCReport\Shared\BlazorRDLCReport.Shared.csproj", "{1CD59545-CCE3-4B0A-A289-A80F9E4A1E2A}"
EndProject
Project("{FAE04EC0-301F-11D3-BF4B-00C04F79EFBC}") = "WindowFormRDLCDesign", "WindowFormRDLCDesign\WindowFormRDLCDesign.csproj", "{3A541D1E-5875-4FAE-A3F4-D9A3D815DD59}"
EndProject
Project("{FAE04EC0-301F-11D3-BF4B-00C04F79EFBC}") = "RDLCReportDesign", "RDLCReportDesign\RDLCReportDesign.csproj", "{D35BD536-B65C-4F85-984F-4CB4921E5199}"
EndProject
Global
	GlobalSection(SolutionConfigurationPlatforms) = preSolution
		Debug|Any CPU = Debug|Any CPU
		Release|Any CPU = Release|Any CPU
	EndGlobalSection
	GlobalSection(ProjectConfigurationPlatforms) = postSolution
		{00EB978F-BB18-419E-8A83-4D59F7E11F86}.Debug|Any CPU.ActiveCfg = Debug|Any CPU
		{00EB978F-BB18-419E-8A83-4D59F7E11F86}.Debug|Any CPU.Build.0 = Debug|Any CPU
		{00EB978F-BB18-419E-8A83-4D59F7E11F86}.Release|Any CPU.ActiveCfg = Release|Any CPU
		{00EB978F-BB18-419E-8A83-4D59F7E11F86}.Release|Any CPU.Build.0 = Release|Any CPU
		{FE3D14D9-9219-4EE9-B3B6-C33F63FC0A04}.Debug|Any CPU.ActiveCfg = Debug|Any CPU
		{FE3D14D9-9219-4EE9-B3B6-C33F63FC0A04}.Debug|Any CPU.Build.0 = Debug|Any CPU
		{FE3D14D9-9219-4EE9-B3B6-C33F63FC0A04}.Release|Any CPU.ActiveCfg = Release|Any CPU
		{FE3D14D9-9219-4EE9-B3B6-C33F63FC0A04}.Release|Any CPU.Build.0 = Release|Any CPU
		{1CD59545-CCE3-4B0A-A289-A80F9E4A1E2A}.Debug|Any CPU.ActiveCfg = Debug|Any CPU
		{1CD59545-CCE3-4B0A-A289-A80F9E4A1E2A}.Debug|Any CPU.Build.0 = Debug|Any CPU
		{1CD59545-CCE3-4B0A-A289-A80F9E4A1E2A}.Release|Any CPU.ActiveCfg = Release|Any CPU
		{1CD59545-CCE3-4B0A-A289-A80F9E4A1E2A}.Release|Any CPU.Build.0 = Release|Any CPU
		{3A541D1E-5875-4FAE-A3F4-D9A3D815DD59}.Debug|Any CPU.ActiveCfg = Debug|Any CPU
		{3A541D1E-5875-4FAE-A3F4-D9A3D815DD59}.Debug|Any CPU.Build.0 = Debug|Any CPU
		{3A541D1E-5875-4FAE-A3F4-D9A3D815DD59}.Release|Any CPU.ActiveCfg = Release|Any CPU
		{3A541D1E-5875-4FAE-A3F4-D9A3D815DD59}.Release|Any CPU.Build.0 = Release|Any CPU
		{D35BD536-B65C-4F85-984F-4CB4921E5199}.Debug|Any CPU.ActiveCfg = Debug|Any CPU
		{D35BD536-B65C-4F85-984F-4CB4921E5199}.Debug|Any CPU.Build.0 = Debug|Any CPU
		{D35BD536-B65C-4F85-984F-4CB4921E5199}.Release|Any CPU.ActiveCfg = Release|Any CPU
		{D35BD536-B65C-4F85-984F-4CB4921E5199}.Release|Any CPU.Build.0 = Release|Any CPU
	EndGlobalSection
	GlobalSection(SolutionProperties) = preSolution
		HideSolutionNode = FALSE
	EndGlobalSection
	GlobalSection(ExtensibilityGlobals) = postSolution
		SolutionGuid = {88E1B0AC-4D84-4AF0-9818-028A35E642E4}
	EndGlobalSection
EndGlobal
